
Microsoft Visual Studio Solution File, Format Version 12.00
# Visual Studio Version 17
VisualStudioVersion = 17.5.33424.131
MinimumVisualStudioVersion = 10.0.40219.1
Project("{9A19103F-16F7-4668-BE54-9A1E7A4F7556}") = "IG.API.SUNAT.RUC", "IG.API.SUNAT.RUC\IG.API.SUNAT.RUC.csproj", "{E1101118-B8F7-4714-AF14-BE6658971660}"
EndProject
Project("{9A19103F-16F7-4668-BE54-9A1E7A4F7556}") = "IG.API.SUNAT.FE", "IG.API.SUNAT.FE\IG.API.SUNAT.FE.csproj", "{EBA3BD73-6698-402E-AFA8-564374119568}"
EndProject
Project("{9A19103F-16F7-4668-BE54-9A1E7A4F7556}") = "IG.API.SUNAT.FE.Repository", "IG.API.SUNAT.FE.Repository\IG.API.SUNAT.FE.Repository.csproj", "{ABBC631A-1586-43AD-97A5-FA5F4F35A04C}"
EndProject
Project("{9A19103F-16F7-4668-BE54-9A1E7A4F7556}") = "IG.API.SUNAT.FE.Entity", "IG.API.SUNAT.FE.Entity\IG.API.SUNAT.FE.Entity.csproj", "{D9947A43-3D94-4A22-8632-66E48D42B412}"
EndProject
Project("{9A19103F-16F7-4668-BE54-9A1E7A4F7556}") = "IG.API.SUNAT.FE.Persistence", "IG.API.SUNAT.FE.Persistence\IG.API.SUNAT.FE.Persistence.csproj", "{D81DFB54-DCDA-4B81-B6DE-A331AE0340DD}"
EndProject
Project("{9A19103F-16F7-4668-BE54-9A1E7A4F7556}") = "IG.API.SUNAT.FE.Services", "IG.API.SUNAT.FE.Services\IG.API.SUNAT.FE.Services.csproj", "{DEE709B3-648F-470C-A3B7-867218AF7D82}"
EndProject
Project("{9A19103F-16F7-4668-BE54-9A1E7A4F7556}") = "IG.API.SUNAT.FE.Dto", "IG.API.SUNAT.FE.Dto\IG.API.SUNAT.FE.Dto.csproj", "{9A4ABF7F-FB63-4B5C-A76D-E4A2F07CC7A5}"
EndProject
Global
	GlobalSection(SolutionConfigurationPlatforms) = preSolution
		Debug|Any CPU = Debug|Any CPU
		Release|Any CPU = Release|Any CPU
	EndGlobalSection
	GlobalSection(ProjectConfigurationPlatforms) = postSolution
		{E1101118-B8F7-4714-AF14-BE6658971660}.Debug|Any CPU.ActiveCfg = Debug|Any CPU
		{E1101118-B8F7-4714-AF14-BE6658971660}.Debug|Any CPU.Build.0 = Debug|Any CPU
		{E1101118-B8F7-4714-AF14-BE6658971660}.Release|Any CPU.ActiveCfg = Release|Any CPU
		{E1101118-B8F7-4714-AF14-BE6658971660}.Release|Any CPU.Build.0 = Release|Any CPU
		{EBA3BD73-6698-402E-AFA8-564374119568}.Debug|Any CPU.ActiveCfg = Debug|Any CPU
		{EBA3BD73-6698-402E-AFA8-564374119568}.Debug|Any CPU.Build.0 = Debug|Any CPU
		{EBA3BD73-6698-402E-AFA8-564374119568}.Release|Any CPU.ActiveCfg = Release|Any CPU
		{EBA3BD73-6698-402E-AFA8-564374119568}.Release|Any CPU.Build.0 = Release|Any CPU
		{ABBC631A-1586-43AD-97A5-FA5F4F35A04C}.Debug|Any CPU.ActiveCfg = Debug|Any CPU
		{ABBC631A-1586-43AD-97A5-FA5F4F35A04C}.Debug|Any CPU.Build.0 = Debug|Any CPU
		{ABBC631A-1586-43AD-97A5-FA5F4F35A04C}.Release|Any CPU.ActiveCfg = Release|Any CPU
		{ABBC631A-1586-43AD-97A5-FA5F4F35A04C}.Release|Any CPU.Build.0 = Release|Any CPU
		{D9947A43-3D94-4A22-8632-66E48D42B412}.Debug|Any CPU.ActiveCfg = Debug|Any CPU
		{D9947A43-3D94-4A22-8632-66E48D42B412}.Debug|Any CPU.Build.0 = Debug|Any CPU
		{D9947A43-3D94-4A22-8632-66E48D42B412}.Release|Any CPU.ActiveCfg = Release|Any CPU
		{D9947A43-3D94-4A22-8632-66E48D42B412}.Release|Any CPU.Build.0 = Release|Any CPU
		{D81DFB54-DCDA-4B81-B6DE-A331AE0340DD}.Debug|Any CPU.ActiveCfg = Debug|Any CPU
		{D81DFB54-DCDA-4B81-B6DE-A331AE0340DD}.Debug|Any CPU.Build.0 = Debug|Any CPU
		{D81DFB54-DCDA-4B81-B6DE-A331AE0340DD}.Release|Any CPU.ActiveCfg = Release|Any CPU
		{D81DFB54-DCDA-4B81-B6DE-A331AE0340DD}.Release|Any CPU.Build.0 = Release|Any CPU
		{DEE709B3-648F-470C-A3B7-867218AF7D82}.Debug|Any CPU.ActiveCfg = Debug|Any CPU
		{DEE709B3-648F-470C-A3B7-867218AF7D82}.Debug|Any CPU.Build.0 = Debug|Any CPU
		{DEE709B3-648F-470C-A3B7-867218AF7D82}.Release|Any CPU.ActiveCfg = Release|Any CPU
		{DEE709B3-648F-470C-A3B7-867218AF7D82}.Release|Any CPU.Build.0 = Release|Any CPU
		{9A4ABF7F-FB63-4B5C-A76D-E4A2F07CC7A5}.Debug|Any CPU.ActiveCfg = Debug|Any CPU
		{9A4ABF7F-FB63-4B5C-A76D-E4A2F07CC7A5}.Debug|Any CPU.Build.0 = Debug|Any CPU
		{9A4ABF7F-FB63-4B5C-A76D-E4A2F07CC7A5}.Release|Any CPU.ActiveCfg = Release|Any CPU
		{9A4ABF7F-FB63-4B5C-A76D-E4A2F07CC7A5}.Release|Any CPU.Build.0 = Release|Any CPU
	EndGlobalSection
	GlobalSection(SolutionProperties) = preSolution
		HideSolutionNode = FALSE
	EndGlobalSection
	GlobalSection(ExtensibilityGlobals) = postSolution
		SolutionGuid = {81F79878-5B1D-4884-BAE0-C5BA4CB622B6}
	EndGlobalSection
EndGlobal
